
Microsoft Visual Studio Solution File, Format Version 12.00
# Visual Studio Version 16
VisualStudioVersion = 16.0.29613.14
MinimumVisualStudioVersion = 10.0.40219.1
Project("{FAE04EC0-301F-11D3-BF4B-00C04F79EFBC}") = "Wpf_Crafton", "Wpf_Crafton.csproj", "{35AE9E69-66C7-4E4E-B423-7CF095AA5C05}"
EndProject
Global
	GlobalSection(SolutionConfigurationPlatforms) = preSolution
		Debug|Any CPU = Debug|Any CPU
		Release|Any CPU = Release|Any CPU
	EndGlobalSection
	GlobalSection(ProjectConfigurationPlatforms) = postSolution
		{35AE9E69-66C7-4E4E-B423-7CF095AA5C05}.Debug|Any CPU.ActiveCfg = Debug|Any CPU
		{35AE9E69-66C7-4E4E-B423-7CF095AA5C05}.Debug|Any CPU.Build.0 = Debug|Any CPU
		{35AE9E69-66C7-4E4E-B423-7CF095AA5C05}.Release|Any CPU.ActiveCfg = Release|Any CPU
		{35AE9E69-66C7-4E4E-B423-7CF095AA5C05}.Release|Any CPU.Build.0 = Release|Any CPU
	EndGlobalSection
	GlobalSection(SolutionProperties) = preSolution
		HideSolutionNode = FALSE
	EndGlobalSection
	GlobalSection(ExtensibilityGlobals) = postSolution
		SolutionGuid = {F6880F87-8FA2-4471-8370-91BBA3F4F885}
	EndGlobalSection
EndGlobal
